
Microsoft Visual Studio Solution File, Format Version 12.00
# Visual Studio Version 17
VisualStudioVersion = 17.10.35027.167
MinimumVisualStudioVersion = 10.0.40219.1
Project("{2150E333-8FDC-42A3-9474-1A3956D46DE8}") = "src", "src", "{AFB83238-3FEB-4591-A53D-78EA9B85194B}"
EndProject
Project("{2150E333-8FDC-42A3-9474-1A3956D46DE8}") = "img", "img", "{D4776B12-9910-4B75-88EE-966F1A8E1CEE}"
EndProject
Project("{2150E333-8FDC-42A3-9474-1A3956D46DE8}") = "Catalog.API", "Catalog.API", "{C3A627A8-DC24-4370-9526-0079646DFBA3}"
EndProject
Project("{2150E333-8FDC-42A3-9474-1A3956D46DE8}") = "doc", "doc", "{95CBD0F3-4FC2-4272-8A1D-7082E11E5A43}"
	ProjectSection(SolutionItems) = preProject
		Readme.md = Readme.md
	EndProjectSection
EndProject
Project("{2150E333-8FDC-42A3-9474-1A3956D46DE8}") = "ReflectionPhrases.API", "ReflectionPhrases.API", "{52D8E3EC-1581-4AC2-907D-91EFB32181E0}"
EndProject
Project("{2150E333-8FDC-42A3-9474-1A3956D46DE8}") = "WebSPA", "WebSPA", "{F5E499A2-1C33-4434-AE48-E2A142D4627E}"
EndProject
Project("{2150E333-8FDC-42A3-9474-1A3956D46DE8}") = "tests", "tests", "{1951DCBE-E01B-4CF5-BB1D-200B9FBB72E1}"
EndProject
Global
	GlobalSection(SolutionConfigurationPlatforms) = preSolution
		Debug|Any CPU = Debug|Any CPU
		Release|Any CPU = Release|Any CPU
	EndGlobalSection
	GlobalSection(ProjectConfigurationPlatforms) = postSolution
		{5C62E359-C6F5-491C-8BE4-3A2FF6C77215}.Debug|Any CPU.ActiveCfg = Debug|Any CPU
		{5C62E359-C6F5-491C-8BE4-3A2FF6C77215}.Debug|Any CPU.Build.0 = Debug|Any CPU
		{5C62E359-C6F5-491C-8BE4-3A2FF6C77215}.Release|Any CPU.ActiveCfg = Debug|Any CPU
		{5C62E359-C6F5-491C-8BE4-3A2FF6C77215}.Release|Any CPU.Build.0 = Debug|Any CPU
	EndGlobalSection
	GlobalSection(SolutionProperties) = preSolution
		HideSolutionNode = FALSE
	EndGlobalSection
	GlobalSection(NestedProjects) = preSolution
		{C3A627A8-DC24-4370-9526-0079646DFBA3} = {AFB83238-3FEB-4591-A53D-78EA9B85194B}
		{52D8E3EC-1581-4AC2-907D-91EFB32181E0} = {AFB83238-3FEB-4591-A53D-78EA9B85194B}
		{F5E499A2-1C33-4434-AE48-E2A142D4627E} = {AFB83238-3FEB-4591-A53D-78EA9B85194B}
		{5C62E359-C6F5-491C-8BE4-3A2FF6C77215} = {F5E499A2-1C33-4434-AE48-E2A142D4627E}
	EndGlobalSection
	GlobalSection(ExtensibilityGlobals) = postSolution
		SolutionGuid = {E9434EC9-4DA4-45A4-8FF3-2D8AD92B73EA}
	EndGlobalSection
EndGlobal
