
Microsoft Visual Studio Solution File, Format Version 12.00
# Visual Studio Version 17
VisualStudioVersion = 17.10.35027.167
MinimumVisualStudioVersion = 10.0.40219.1
Project("{2150E333-8FDC-42A3-9474-1A3956D46DE8}") = "Tests", "Tests", "{1951DCBE-E01B-4CF5-BB1D-200B9FBB72E1}"
EndProject
Project("{2150E333-8FDC-42A3-9474-1A3956D46DE8}") = "Catalog", "Catalog", "{24E5471D-F052-45E0-98EF-E22EAB1A9D43}"
EndProject
Project("{9A19103F-16F7-4668-BE54-9A1E7A4F7556}") = "Catalog.API", "Catalog\Catalog.API\Catalog.API.csproj", "{033E01FC-E0D2-46A0-9778-1C34E6EAE1AE}"
EndProject
Project("{9A19103F-16F7-4668-BE54-9A1E7A4F7556}") = "Catalog.Application", "Catalog\Catalog.Application\Catalog.Application.csproj", "{05231D43-5AD5-4AE1-99DA-1D6BA032CFF1}"
EndProject
Project("{9A19103F-16F7-4668-BE54-9A1E7A4F7556}") = "Catalog.Domain", "Catalog\Catalog.Domain\Catalog.Domain.csproj", "{3655215D-9EC5-4964-B923-5D2AC3F7441A}"
EndProject
Project("{9A19103F-16F7-4668-BE54-9A1E7A4F7556}") = "Catalog.Infrastructure", "Catalog\Catalog.Infrastructure\Catalog.Infrastructure.csproj", "{7820A104-8E02-4E70-8F4F-84CCE696D61C}"
EndProject
Project("{9A19103F-16F7-4668-BE54-9A1E7A4F7556}") = "Catalog.Utilities", "Catalog\Catalog.Utilities\Catalog.Utilities.csproj", "{E1094244-B48A-40B2-BA5F-C00AE53D95BE}"
EndProject
Project("{2150E333-8FDC-42A3-9474-1A3956D46DE8}") = "PhraseOfTheDay", "PhraseOfTheDay", "{028B717A-59B1-4E52-91C8-84941D488B42}"
EndProject
Project("{9A19103F-16F7-4668-BE54-9A1E7A4F7556}") = "ReflectionPhrases.API", "PhraseOfTheDay\ReflectionPhrases.API.csproj", "{436DF999-07FD-4DF4-A2E3-0C9ED0A0901E}"
EndProject
Project("{9A19103F-16F7-4668-BE54-9A1E7A4F7556}") = "Catalog.MSTest", "Tests\Catalog.MSTest\Catalog.MSTest.csproj", "{54836CCE-A736-424C-B594-059EC43819A5}"
EndProject
Project("{9A19103F-16F7-4668-BE54-9A1E7A4F7556}") = "Catalog.UnitTests", "Tests\Catalog.UnitTests\Catalog.UnitTests.csproj", "{7DFAF269-6EC0-4BA4-AC59-D1209FA14B0F}"
EndProject
Project("{2150E333-8FDC-42A3-9474-1A3956D46DE8}") = "MyPortafolio.API", "MyPortafolio.API", "{C7E65D87-C041-4735-95C7-A0B883DF79C9}"
EndProject
Project("{9A19103F-16F7-4668-BE54-9A1E7A4F7556}") = "WebApp", "WebApp\WebApp.csproj", "{1B76A914-0CE4-4004-B3B8-3C983D6D6DBC}"
EndProject
Project("{2150E333-8FDC-42A3-9474-1A3956D46DE8}") = "Home", "Home", "{76BD7FEE-7156-4CF3-ACEC-E66CFDEBA5DC}"
EndProject
Project("{2150E333-8FDC-42A3-9474-1A3956D46DE8}") = "Application", "Application", "{41725C0D-709B-4B1A-BFFF-A1E08B313155}"
EndProject
Project("{2150E333-8FDC-42A3-9474-1A3956D46DE8}") = "Domain", "Domain", "{1B0E8C37-13F2-4420-8BFB-C300FD8D512D}"
EndProject
Project("{2150E333-8FDC-42A3-9474-1A3956D46DE8}") = "Infrastructure", "Infrastructure", "{B63C668C-CC66-4AF9-8E2E-7E8EF402C21F}"
EndProject
Project("{2150E333-8FDC-42A3-9474-1A3956D46DE8}") = "Services", "Services", "{1039DEC6-0EC1-4760-B941-1EA337757268}"
EndProject
Project("{2150E333-8FDC-42A3-9474-1A3956D46DE8}") = "Utilities", "Utilities", "{D2FD2B5A-2024-41EC-840B-8435E79FAFD4}"
EndProject
Project("{2150E333-8FDC-42A3-9474-1A3956D46DE8}") = "Docs", "Docs", "{FBDD3EC1-125E-485A-B5A4-28BF657DF4CE}"
	ProjectSection(SolutionItems) = preProject
		..\..\..\Pictures\Screenshots\clean_architecture.png = ..\..\..\Pictures\Screenshots\clean_architecture.png
		Home\summary.txt = Home\summary.txt
	EndProjectSection
EndProject
Project("{9A19103F-16F7-4668-BE54-9A1E7A4F7556}") = "Home.Domain", "Home\Home.Domain\Home.Domain.csproj", "{08F9BDE4-9EC3-4636-B7A3-7E4EDED4B879}"
EndProject
Project("{9A19103F-16F7-4668-BE54-9A1E7A4F7556}") = "Home.Infrastructure", "Home\Home.Infrastructure\Home.Infrastructure.csproj", "{E7320198-60C6-4FE0-8CC8-1E7B6606D077}"
EndProject
Project("{9A19103F-16F7-4668-BE54-9A1E7A4F7556}") = "Home.Persistences", "Home\Home.Persistences\Home.Persistences.csproj", "{E44E07B3-BD23-4CFF-8684-603915774ED7}"
EndProject
Project("{9A19103F-16F7-4668-BE54-9A1E7A4F7556}") = "Home.API", "Home\Home.API\Home.API.csproj", "{569531B2-4FC9-4EAD-A2DC-88D3D54A4EF0}"
EndProject
Project("{9A19103F-16F7-4668-BE54-9A1E7A4F7556}") = "Home.Application.Dtos", "Home\Home.Application.Dtos\Home.Application.Dtos.csproj", "{1327CA5F-5030-4BA4-88B1-594C22FBDA51}"
EndProject
Project("{9A19103F-16F7-4668-BE54-9A1E7A4F7556}") = "Home.Application.Interface", "Home\Home.Application.Interface\Home.Application.Interface.csproj", "{2BF1F4FC-795E-4C44-8392-6F7D577CA009}"
EndProject
Project("{9A19103F-16F7-4668-BE54-9A1E7A4F7556}") = "Home.Application.UseCase", "Home\Home.Application.UseCase\Home.Application.UseCase.csproj", "{A8979505-220B-481A-8C20-2D54B1EE143D}"
EndProject
Project("{9A19103F-16F7-4668-BE54-9A1E7A4F7556}") = "Home.Utilities", "Home\Home.Utilities\Home.Utilities.csproj", "{6BDCA614-DA4F-4759-B641-A5AA5EE47CA2}"
EndProject
Project("{2150E333-8FDC-42A3-9474-1A3956D46DE8}") = "src", "src", "{82C2574A-65AE-4516-A401-41A4E18224C3}"
EndProject
Project("{2150E333-8FDC-42A3-9474-1A3956D46DE8}") = "src", "src", "{E9827D92-C99D-47A2-B267-EF65B19820BB}"
EndProject
Global
	GlobalSection(SolutionConfigurationPlatforms) = preSolution
		Debug|Any CPU = Debug|Any CPU
		Release|Any CPU = Release|Any CPU
	EndGlobalSection
	GlobalSection(ProjectConfigurationPlatforms) = postSolution
		{033E01FC-E0D2-46A0-9778-1C34E6EAE1AE}.Debug|Any CPU.ActiveCfg = Debug|Any CPU
		{033E01FC-E0D2-46A0-9778-1C34E6EAE1AE}.Debug|Any CPU.Build.0 = Debug|Any CPU
		{033E01FC-E0D2-46A0-9778-1C34E6EAE1AE}.Release|Any CPU.ActiveCfg = Release|Any CPU
		{033E01FC-E0D2-46A0-9778-1C34E6EAE1AE}.Release|Any CPU.Build.0 = Release|Any CPU
		{05231D43-5AD5-4AE1-99DA-1D6BA032CFF1}.Debug|Any CPU.ActiveCfg = Debug|Any CPU
		{05231D43-5AD5-4AE1-99DA-1D6BA032CFF1}.Debug|Any CPU.Build.0 = Debug|Any CPU
		{05231D43-5AD5-4AE1-99DA-1D6BA032CFF1}.Release|Any CPU.ActiveCfg = Release|Any CPU
		{05231D43-5AD5-4AE1-99DA-1D6BA032CFF1}.Release|Any CPU.Build.0 = Release|Any CPU
		{3655215D-9EC5-4964-B923-5D2AC3F7441A}.Debug|Any CPU.ActiveCfg = Debug|Any CPU
		{3655215D-9EC5-4964-B923-5D2AC3F7441A}.Debug|Any CPU.Build.0 = Debug|Any CPU
		{3655215D-9EC5-4964-B923-5D2AC3F7441A}.Release|Any CPU.ActiveCfg = Release|Any CPU
		{3655215D-9EC5-4964-B923-5D2AC3F7441A}.Release|Any CPU.Build.0 = Release|Any CPU
		{7820A104-8E02-4E70-8F4F-84CCE696D61C}.Debug|Any CPU.ActiveCfg = Debug|Any CPU
		{7820A104-8E02-4E70-8F4F-84CCE696D61C}.Debug|Any CPU.Build.0 = Debug|Any CPU
		{7820A104-8E02-4E70-8F4F-84CCE696D61C}.Release|Any CPU.ActiveCfg = Release|Any CPU
		{7820A104-8E02-4E70-8F4F-84CCE696D61C}.Release|Any CPU.Build.0 = Release|Any CPU
		{E1094244-B48A-40B2-BA5F-C00AE53D95BE}.Debug|Any CPU.ActiveCfg = Debug|Any CPU
		{E1094244-B48A-40B2-BA5F-C00AE53D95BE}.Debug|Any CPU.Build.0 = Debug|Any CPU
		{E1094244-B48A-40B2-BA5F-C00AE53D95BE}.Release|Any CPU.ActiveCfg = Release|Any CPU
		{E1094244-B48A-40B2-BA5F-C00AE53D95BE}.Release|Any CPU.Build.0 = Release|Any CPU
		{436DF999-07FD-4DF4-A2E3-0C9ED0A0901E}.Debug|Any CPU.ActiveCfg = Debug|Any CPU
		{436DF999-07FD-4DF4-A2E3-0C9ED0A0901E}.Debug|Any CPU.Build.0 = Debug|Any CPU
		{436DF999-07FD-4DF4-A2E3-0C9ED0A0901E}.Release|Any CPU.ActiveCfg = Release|Any CPU
		{436DF999-07FD-4DF4-A2E3-0C9ED0A0901E}.Release|Any CPU.Build.0 = Release|Any CPU
		{54836CCE-A736-424C-B594-059EC43819A5}.Debug|Any CPU.ActiveCfg = Debug|Any CPU
		{54836CCE-A736-424C-B594-059EC43819A5}.Debug|Any CPU.Build.0 = Debug|Any CPU
		{54836CCE-A736-424C-B594-059EC43819A5}.Release|Any CPU.ActiveCfg = Release|Any CPU
		{54836CCE-A736-424C-B594-059EC43819A5}.Release|Any CPU.Build.0 = Release|Any CPU
		{7DFAF269-6EC0-4BA4-AC59-D1209FA14B0F}.Debug|Any CPU.ActiveCfg = Debug|Any CPU
		{7DFAF269-6EC0-4BA4-AC59-D1209FA14B0F}.Debug|Any CPU.Build.0 = Debug|Any CPU
		{7DFAF269-6EC0-4BA4-AC59-D1209FA14B0F}.Release|Any CPU.ActiveCfg = Release|Any CPU
		{7DFAF269-6EC0-4BA4-AC59-D1209FA14B0F}.Release|Any CPU.Build.0 = Release|Any CPU
		{1B76A914-0CE4-4004-B3B8-3C983D6D6DBC}.Debug|Any CPU.ActiveCfg = Debug|Any CPU
		{1B76A914-0CE4-4004-B3B8-3C983D6D6DBC}.Debug|Any CPU.Build.0 = Debug|Any CPU
		{1B76A914-0CE4-4004-B3B8-3C983D6D6DBC}.Release|Any CPU.ActiveCfg = Release|Any CPU
		{1B76A914-0CE4-4004-B3B8-3C983D6D6DBC}.Release|Any CPU.Build.0 = Release|Any CPU
		{08F9BDE4-9EC3-4636-B7A3-7E4EDED4B879}.Debug|Any CPU.ActiveCfg = Debug|Any CPU
		{08F9BDE4-9EC3-4636-B7A3-7E4EDED4B879}.Debug|Any CPU.Build.0 = Debug|Any CPU
		{08F9BDE4-9EC3-4636-B7A3-7E4EDED4B879}.Release|Any CPU.ActiveCfg = Release|Any CPU
		{08F9BDE4-9EC3-4636-B7A3-7E4EDED4B879}.Release|Any CPU.Build.0 = Release|Any CPU
		{E7320198-60C6-4FE0-8CC8-1E7B6606D077}.Debug|Any CPU.ActiveCfg = Debug|Any CPU
		{E7320198-60C6-4FE0-8CC8-1E7B6606D077}.Debug|Any CPU.Build.0 = Debug|Any CPU
		{E7320198-60C6-4FE0-8CC8-1E7B6606D077}.Release|Any CPU.ActiveCfg = Release|Any CPU
		{E7320198-60C6-4FE0-8CC8-1E7B6606D077}.Release|Any CPU.Build.0 = Release|Any CPU
		{E44E07B3-BD23-4CFF-8684-603915774ED7}.Debug|Any CPU.ActiveCfg = Debug|Any CPU
		{E44E07B3-BD23-4CFF-8684-603915774ED7}.Debug|Any CPU.Build.0 = Debug|Any CPU
		{E44E07B3-BD23-4CFF-8684-603915774ED7}.Release|Any CPU.ActiveCfg = Release|Any CPU
		{E44E07B3-BD23-4CFF-8684-603915774ED7}.Release|Any CPU.Build.0 = Release|Any CPU
		{569531B2-4FC9-4EAD-A2DC-88D3D54A4EF0}.Debug|Any CPU.ActiveCfg = Debug|Any CPU
		{569531B2-4FC9-4EAD-A2DC-88D3D54A4EF0}.Debug|Any CPU.Build.0 = Debug|Any CPU
		{569531B2-4FC9-4EAD-A2DC-88D3D54A4EF0}.Release|Any CPU.ActiveCfg = Release|Any CPU
		{569531B2-4FC9-4EAD-A2DC-88D3D54A4EF0}.Release|Any CPU.Build.0 = Release|Any CPU
		{1327CA5F-5030-4BA4-88B1-594C22FBDA51}.Debug|Any CPU.ActiveCfg = Debug|Any CPU
		{1327CA5F-5030-4BA4-88B1-594C22FBDA51}.Debug|Any CPU.Build.0 = Debug|Any CPU
		{1327CA5F-5030-4BA4-88B1-594C22FBDA51}.Release|Any CPU.ActiveCfg = Release|Any CPU
		{1327CA5F-5030-4BA4-88B1-594C22FBDA51}.Release|Any CPU.Build.0 = Release|Any CPU
		{2BF1F4FC-795E-4C44-8392-6F7D577CA009}.Debug|Any CPU.ActiveCfg = Debug|Any CPU
		{2BF1F4FC-795E-4C44-8392-6F7D577CA009}.Debug|Any CPU.Build.0 = Debug|Any CPU
		{2BF1F4FC-795E-4C44-8392-6F7D577CA009}.Release|Any CPU.ActiveCfg = Release|Any CPU
		{2BF1F4FC-795E-4C44-8392-6F7D577CA009}.Release|Any CPU.Build.0 = Release|Any CPU
		{A8979505-220B-481A-8C20-2D54B1EE143D}.Debug|Any CPU.ActiveCfg = Debug|Any CPU
		{A8979505-220B-481A-8C20-2D54B1EE143D}.Debug|Any CPU.Build.0 = Debug|Any CPU
		{A8979505-220B-481A-8C20-2D54B1EE143D}.Release|Any CPU.ActiveCfg = Release|Any CPU
		{A8979505-220B-481A-8C20-2D54B1EE143D}.Release|Any CPU.Build.0 = Release|Any CPU
		{6BDCA614-DA4F-4759-B641-A5AA5EE47CA2}.Debug|Any CPU.ActiveCfg = Debug|Any CPU
		{6BDCA614-DA4F-4759-B641-A5AA5EE47CA2}.Debug|Any CPU.Build.0 = Debug|Any CPU
		{6BDCA614-DA4F-4759-B641-A5AA5EE47CA2}.Release|Any CPU.ActiveCfg = Release|Any CPU
		{6BDCA614-DA4F-4759-B641-A5AA5EE47CA2}.Release|Any CPU.Build.0 = Release|Any CPU
	EndGlobalSection
	GlobalSection(SolutionProperties) = preSolution
		HideSolutionNode = FALSE
	EndGlobalSection
	GlobalSection(NestedProjects) = preSolution
		{24E5471D-F052-45E0-98EF-E22EAB1A9D43} = {C7E65D87-C041-4735-95C7-A0B883DF79C9}
		{033E01FC-E0D2-46A0-9778-1C34E6EAE1AE} = {E9827D92-C99D-47A2-B267-EF65B19820BB}
		{05231D43-5AD5-4AE1-99DA-1D6BA032CFF1} = {E9827D92-C99D-47A2-B267-EF65B19820BB}
		{3655215D-9EC5-4964-B923-5D2AC3F7441A} = {E9827D92-C99D-47A2-B267-EF65B19820BB}
		{7820A104-8E02-4E70-8F4F-84CCE696D61C} = {E9827D92-C99D-47A2-B267-EF65B19820BB}
		{E1094244-B48A-40B2-BA5F-C00AE53D95BE} = {E9827D92-C99D-47A2-B267-EF65B19820BB}
		{028B717A-59B1-4E52-91C8-84941D488B42} = {C7E65D87-C041-4735-95C7-A0B883DF79C9}
		{436DF999-07FD-4DF4-A2E3-0C9ED0A0901E} = {028B717A-59B1-4E52-91C8-84941D488B42}
		{54836CCE-A736-424C-B594-059EC43819A5} = {1951DCBE-E01B-4CF5-BB1D-200B9FBB72E1}
		{7DFAF269-6EC0-4BA4-AC59-D1209FA14B0F} = {1951DCBE-E01B-4CF5-BB1D-200B9FBB72E1}
		{1B76A914-0CE4-4004-B3B8-3C983D6D6DBC} = {C7E65D87-C041-4735-95C7-A0B883DF79C9}
		{76BD7FEE-7156-4CF3-ACEC-E66CFDEBA5DC} = {C7E65D87-C041-4735-95C7-A0B883DF79C9}
		{41725C0D-709B-4B1A-BFFF-A1E08B313155} = {82C2574A-65AE-4516-A401-41A4E18224C3}
		{1B0E8C37-13F2-4420-8BFB-C300FD8D512D} = {82C2574A-65AE-4516-A401-41A4E18224C3}
		{B63C668C-CC66-4AF9-8E2E-7E8EF402C21F} = {82C2574A-65AE-4516-A401-41A4E18224C3}
		{1039DEC6-0EC1-4760-B941-1EA337757268} = {82C2574A-65AE-4516-A401-41A4E18224C3}
		{D2FD2B5A-2024-41EC-840B-8435E79FAFD4} = {82C2574A-65AE-4516-A401-41A4E18224C3}
		{FBDD3EC1-125E-485A-B5A4-28BF657DF4CE} = {76BD7FEE-7156-4CF3-ACEC-E66CFDEBA5DC}
		{08F9BDE4-9EC3-4636-B7A3-7E4EDED4B879} = {1B0E8C37-13F2-4420-8BFB-C300FD8D512D}
		{E7320198-60C6-4FE0-8CC8-1E7B6606D077} = {B63C668C-CC66-4AF9-8E2E-7E8EF402C21F}
		{E44E07B3-BD23-4CFF-8684-603915774ED7} = {B63C668C-CC66-4AF9-8E2E-7E8EF402C21F}
		{569531B2-4FC9-4EAD-A2DC-88D3D54A4EF0} = {1039DEC6-0EC1-4760-B941-1EA337757268}
		{1327CA5F-5030-4BA4-88B1-594C22FBDA51} = {41725C0D-709B-4B1A-BFFF-A1E08B313155}
		{2BF1F4FC-795E-4C44-8392-6F7D577CA009} = {41725C0D-709B-4B1A-BFFF-A1E08B313155}
		{A8979505-220B-481A-8C20-2D54B1EE143D} = {41725C0D-709B-4B1A-BFFF-A1E08B313155}
		{6BDCA614-DA4F-4759-B641-A5AA5EE47CA2} = {D2FD2B5A-2024-41EC-840B-8435E79FAFD4}
		{82C2574A-65AE-4516-A401-41A4E18224C3} = {76BD7FEE-7156-4CF3-ACEC-E66CFDEBA5DC}
		{E9827D92-C99D-47A2-B267-EF65B19820BB} = {24E5471D-F052-45E0-98EF-E22EAB1A9D43}
	EndGlobalSection
	GlobalSection(ExtensibilityGlobals) = postSolution
		SolutionGuid = {E9434EC9-4DA4-45A4-8FF3-2D8AD92B73EA}
	EndGlobalSection
EndGlobal
