
Microsoft Visual Studio Solution File, Format Version 12.00
# Visual Studio Version 17
VisualStudioVersion = 17.10.35027.167
MinimumVisualStudioVersion = 10.0.40219.1
Project("{2150E333-8FDC-42A3-9474-1A3956D46DE8}") = "Tests", "Tests", "{1951DCBE-E01B-4CF5-BB1D-200B9FBB72E1}"
EndProject
Project("{2150E333-8FDC-42A3-9474-1A3956D46DE8}") = "Catalog", "Catalog", "{24E5471D-F052-45E0-98EF-E22EAB1A9D43}"
EndProject
Project("{2150E333-8FDC-42A3-9474-1A3956D46DE8}") = "PhraseOfTheDay", "PhraseOfTheDay", "{028B717A-59B1-4E52-91C8-84941D488B42}"
EndProject
Project("{2150E333-8FDC-42A3-9474-1A3956D46DE8}") = "Projects", "Projects", "{C7E65D87-C041-4735-95C7-A0B883DF79C9}"
EndProject
Project("{2150E333-8FDC-42A3-9474-1A3956D46DE8}") = "Home", "Home", "{76BD7FEE-7156-4CF3-ACEC-E66CFDEBA5DC}"
EndProject
Project("{2150E333-8FDC-42A3-9474-1A3956D46DE8}") = "Application", "Application", "{41725C0D-709B-4B1A-BFFF-A1E08B313155}"
EndProject
Project("{2150E333-8FDC-42A3-9474-1A3956D46DE8}") = "Domain", "Domain", "{1B0E8C37-13F2-4420-8BFB-C300FD8D512D}"
EndProject
Project("{2150E333-8FDC-42A3-9474-1A3956D46DE8}") = "Infrastructure", "Infrastructure", "{B63C668C-CC66-4AF9-8E2E-7E8EF402C21F}"
EndProject
Project("{2150E333-8FDC-42A3-9474-1A3956D46DE8}") = "Services", "Services", "{1039DEC6-0EC1-4760-B941-1EA337757268}"
EndProject
Project("{2150E333-8FDC-42A3-9474-1A3956D46DE8}") = "Utilities", "Utilities", "{D2FD2B5A-2024-41EC-840B-8435E79FAFD4}"
EndProject
Project("{2150E333-8FDC-42A3-9474-1A3956D46DE8}") = "Docs", "Docs", "{FBDD3EC1-125E-485A-B5A4-28BF657DF4CE}"
	ProjectSection(SolutionItems) = preProject
		src\Home\summary.txt = src\Home\summary.txt
	EndProjectSection
EndProject
Project("{2150E333-8FDC-42A3-9474-1A3956D46DE8}") = "src", "src", "{82C2574A-65AE-4516-A401-41A4E18224C3}"
EndProject
Project("{2150E333-8FDC-42A3-9474-1A3956D46DE8}") = "src", "src", "{E9827D92-C99D-47A2-B267-EF65B19820BB}"
EndProject
Project("{2150E333-8FDC-42A3-9474-1A3956D46DE8}") = "docs", "docs", "{2704F4F7-9D57-4046-B898-21365D85A533}"
	ProjectSection(SolutionItems) = preProject
		src\Catalog\commands.txt = src\Catalog\commands.txt
		src\Catalog\Secrets.txt = src\Catalog\Secrets.txt
		src\Catalog\summary.txt = src\Catalog\summary.txt
	EndProjectSection
EndProject
Project("{9A19103F-16F7-4668-BE54-9A1E7A4F7556}") = "Catalog.Domain", "src\Catalog\Catalog.Domain\Catalog.Domain.csproj", "{6B7601FE-8640-48E0-8CE7-E20C1F0519E1}"
EndProject
Project("{9A19103F-16F7-4668-BE54-9A1E7A4F7556}") = "Catalog.Infrastructure", "src\Catalog\Catalog.Infrastructure\Catalog.Infrastructure.csproj", "{AA326F57-0CE5-454B-8B39-B413509CD45F}"
EndProject
Project("{9A19103F-16F7-4668-BE54-9A1E7A4F7556}") = "Catalog.Utilities", "src\Catalog\Catalog.Utilities\Catalog.Utilities.csproj", "{A33D2599-AF73-425F-86D4-6660EB90EDB6}"
EndProject
Project("{9A19103F-16F7-4668-BE54-9A1E7A4F7556}") = "Catalog.Application", "src\Catalog\Catalog.Application\Catalog.Application.csproj", "{EA6BCD08-7D24-43F5-B21F-89A690E44C3F}"
EndProject
Project("{9A19103F-16F7-4668-BE54-9A1E7A4F7556}") = "Catalog.API", "src\Catalog\Catalog.API\Catalog.API.csproj", "{95BCB544-B159-43BE-AE60-39EE53C0D8DB}"
EndProject
Project("{9A19103F-16F7-4668-BE54-9A1E7A4F7556}") = "Home.Domain", "src\Home\Home.Domain\Home.Domain.csproj", "{5C7801B6-414B-40F0-9DBC-2049C2075F89}"
EndProject
Project("{9A19103F-16F7-4668-BE54-9A1E7A4F7556}") = "Home.Infrastructure", "src\Home\Home.Infrastructure\Home.Infrastructure.csproj", "{7830F713-3DBE-4D7D-9596-82163B7AAEED}"
EndProject
Project("{9A19103F-16F7-4668-BE54-9A1E7A4F7556}") = "Home.Persistences", "src\Home\Home.Persistences\Home.Persistences.csproj", "{F28FF43A-D748-4238-87B4-637D9482FDD6}"
EndProject
Project("{9A19103F-16F7-4668-BE54-9A1E7A4F7556}") = "Home.Application.Dtos", "src\Home\Home.Application.Dtos\Home.Application.Dtos.csproj", "{1C329DDB-7441-4E2C-9580-FF365DF493CA}"
EndProject
Project("{9A19103F-16F7-4668-BE54-9A1E7A4F7556}") = "Home.Application.Interface", "src\Home\Home.Application.Interface\Home.Application.Interface.csproj", "{157C6549-44AE-4FE8-90F6-95723B065DB9}"
EndProject
Project("{9A19103F-16F7-4668-BE54-9A1E7A4F7556}") = "Home.Application.UseCase", "src\Home\Home.Application.UseCase\Home.Application.UseCase.csproj", "{81990E0F-EAD2-4433-8A6F-3F391BF7B89F}"
EndProject
Project("{9A19103F-16F7-4668-BE54-9A1E7A4F7556}") = "Home.API", "src\Home\Home.API\Home.API.csproj", "{3FD96674-0730-4E62-9C04-8EDA7F76C3C5}"
EndProject
Project("{9A19103F-16F7-4668-BE54-9A1E7A4F7556}") = "Home.Utilities", "src\Home\Home.Utilities\Home.Utilities.csproj", "{06DD8885-2D2D-42A6-BD40-AB3F5E63D779}"
EndProject
Global
	GlobalSection(SolutionConfigurationPlatforms) = preSolution
		Debug|Any CPU = Debug|Any CPU
		Release|Any CPU = Release|Any CPU
	EndGlobalSection
	GlobalSection(ProjectConfigurationPlatforms) = postSolution
		{6B7601FE-8640-48E0-8CE7-E20C1F0519E1}.Debug|Any CPU.ActiveCfg = Debug|Any CPU
		{6B7601FE-8640-48E0-8CE7-E20C1F0519E1}.Debug|Any CPU.Build.0 = Debug|Any CPU
		{6B7601FE-8640-48E0-8CE7-E20C1F0519E1}.Release|Any CPU.ActiveCfg = Release|Any CPU
		{6B7601FE-8640-48E0-8CE7-E20C1F0519E1}.Release|Any CPU.Build.0 = Release|Any CPU
		{AA326F57-0CE5-454B-8B39-B413509CD45F}.Debug|Any CPU.ActiveCfg = Debug|Any CPU
		{AA326F57-0CE5-454B-8B39-B413509CD45F}.Debug|Any CPU.Build.0 = Debug|Any CPU
		{AA326F57-0CE5-454B-8B39-B413509CD45F}.Release|Any CPU.ActiveCfg = Release|Any CPU
		{AA326F57-0CE5-454B-8B39-B413509CD45F}.Release|Any CPU.Build.0 = Release|Any CPU
		{A33D2599-AF73-425F-86D4-6660EB90EDB6}.Debug|Any CPU.ActiveCfg = Debug|Any CPU
		{A33D2599-AF73-425F-86D4-6660EB90EDB6}.Debug|Any CPU.Build.0 = Debug|Any CPU
		{A33D2599-AF73-425F-86D4-6660EB90EDB6}.Release|Any CPU.ActiveCfg = Release|Any CPU
		{A33D2599-AF73-425F-86D4-6660EB90EDB6}.Release|Any CPU.Build.0 = Release|Any CPU
		{EA6BCD08-7D24-43F5-B21F-89A690E44C3F}.Debug|Any CPU.ActiveCfg = Debug|Any CPU
		{EA6BCD08-7D24-43F5-B21F-89A690E44C3F}.Debug|Any CPU.Build.0 = Debug|Any CPU
		{EA6BCD08-7D24-43F5-B21F-89A690E44C3F}.Release|Any CPU.ActiveCfg = Release|Any CPU
		{EA6BCD08-7D24-43F5-B21F-89A690E44C3F}.Release|Any CPU.Build.0 = Release|Any CPU
		{95BCB544-B159-43BE-AE60-39EE53C0D8DB}.Debug|Any CPU.ActiveCfg = Debug|Any CPU
		{95BCB544-B159-43BE-AE60-39EE53C0D8DB}.Debug|Any CPU.Build.0 = Debug|Any CPU
		{95BCB544-B159-43BE-AE60-39EE53C0D8DB}.Release|Any CPU.ActiveCfg = Release|Any CPU
		{95BCB544-B159-43BE-AE60-39EE53C0D8DB}.Release|Any CPU.Build.0 = Release|Any CPU
		{5C7801B6-414B-40F0-9DBC-2049C2075F89}.Debug|Any CPU.ActiveCfg = Debug|Any CPU
		{5C7801B6-414B-40F0-9DBC-2049C2075F89}.Debug|Any CPU.Build.0 = Debug|Any CPU
		{5C7801B6-414B-40F0-9DBC-2049C2075F89}.Release|Any CPU.ActiveCfg = Release|Any CPU
		{5C7801B6-414B-40F0-9DBC-2049C2075F89}.Release|Any CPU.Build.0 = Release|Any CPU
		{7830F713-3DBE-4D7D-9596-82163B7AAEED}.Debug|Any CPU.ActiveCfg = Debug|Any CPU
		{7830F713-3DBE-4D7D-9596-82163B7AAEED}.Debug|Any CPU.Build.0 = Debug|Any CPU
		{7830F713-3DBE-4D7D-9596-82163B7AAEED}.Release|Any CPU.ActiveCfg = Release|Any CPU
		{7830F713-3DBE-4D7D-9596-82163B7AAEED}.Release|Any CPU.Build.0 = Release|Any CPU
		{F28FF43A-D748-4238-87B4-637D9482FDD6}.Debug|Any CPU.ActiveCfg = Debug|Any CPU
		{F28FF43A-D748-4238-87B4-637D9482FDD6}.Debug|Any CPU.Build.0 = Debug|Any CPU
		{F28FF43A-D748-4238-87B4-637D9482FDD6}.Release|Any CPU.ActiveCfg = Release|Any CPU
		{F28FF43A-D748-4238-87B4-637D9482FDD6}.Release|Any CPU.Build.0 = Release|Any CPU
		{1C329DDB-7441-4E2C-9580-FF365DF493CA}.Debug|Any CPU.ActiveCfg = Debug|Any CPU
		{1C329DDB-7441-4E2C-9580-FF365DF493CA}.Debug|Any CPU.Build.0 = Debug|Any CPU
		{1C329DDB-7441-4E2C-9580-FF365DF493CA}.Release|Any CPU.ActiveCfg = Release|Any CPU
		{1C329DDB-7441-4E2C-9580-FF365DF493CA}.Release|Any CPU.Build.0 = Release|Any CPU
		{157C6549-44AE-4FE8-90F6-95723B065DB9}.Debug|Any CPU.ActiveCfg = Debug|Any CPU
		{157C6549-44AE-4FE8-90F6-95723B065DB9}.Debug|Any CPU.Build.0 = Debug|Any CPU
		{157C6549-44AE-4FE8-90F6-95723B065DB9}.Release|Any CPU.ActiveCfg = Release|Any CPU
		{157C6549-44AE-4FE8-90F6-95723B065DB9}.Release|Any CPU.Build.0 = Release|Any CPU
		{81990E0F-EAD2-4433-8A6F-3F391BF7B89F}.Debug|Any CPU.ActiveCfg = Debug|Any CPU
		{81990E0F-EAD2-4433-8A6F-3F391BF7B89F}.Debug|Any CPU.Build.0 = Debug|Any CPU
		{81990E0F-EAD2-4433-8A6F-3F391BF7B89F}.Release|Any CPU.ActiveCfg = Release|Any CPU
		{81990E0F-EAD2-4433-8A6F-3F391BF7B89F}.Release|Any CPU.Build.0 = Release|Any CPU
		{3FD96674-0730-4E62-9C04-8EDA7F76C3C5}.Debug|Any CPU.ActiveCfg = Debug|Any CPU
		{3FD96674-0730-4E62-9C04-8EDA7F76C3C5}.Debug|Any CPU.Build.0 = Debug|Any CPU
		{3FD96674-0730-4E62-9C04-8EDA7F76C3C5}.Release|Any CPU.ActiveCfg = Release|Any CPU
		{3FD96674-0730-4E62-9C04-8EDA7F76C3C5}.Release|Any CPU.Build.0 = Release|Any CPU
		{06DD8885-2D2D-42A6-BD40-AB3F5E63D779}.Debug|Any CPU.ActiveCfg = Debug|Any CPU
		{06DD8885-2D2D-42A6-BD40-AB3F5E63D779}.Debug|Any CPU.Build.0 = Debug|Any CPU
		{06DD8885-2D2D-42A6-BD40-AB3F5E63D779}.Release|Any CPU.ActiveCfg = Release|Any CPU
		{06DD8885-2D2D-42A6-BD40-AB3F5E63D779}.Release|Any CPU.Build.0 = Release|Any CPU
	EndGlobalSection
	GlobalSection(SolutionProperties) = preSolution
		HideSolutionNode = FALSE
	EndGlobalSection
	GlobalSection(NestedProjects) = preSolution
		{24E5471D-F052-45E0-98EF-E22EAB1A9D43} = {C7E65D87-C041-4735-95C7-A0B883DF79C9}
		{028B717A-59B1-4E52-91C8-84941D488B42} = {C7E65D87-C041-4735-95C7-A0B883DF79C9}
		{76BD7FEE-7156-4CF3-ACEC-E66CFDEBA5DC} = {C7E65D87-C041-4735-95C7-A0B883DF79C9}
		{41725C0D-709B-4B1A-BFFF-A1E08B313155} = {82C2574A-65AE-4516-A401-41A4E18224C3}
		{1B0E8C37-13F2-4420-8BFB-C300FD8D512D} = {82C2574A-65AE-4516-A401-41A4E18224C3}
		{B63C668C-CC66-4AF9-8E2E-7E8EF402C21F} = {82C2574A-65AE-4516-A401-41A4E18224C3}
		{1039DEC6-0EC1-4760-B941-1EA337757268} = {82C2574A-65AE-4516-A401-41A4E18224C3}
		{D2FD2B5A-2024-41EC-840B-8435E79FAFD4} = {82C2574A-65AE-4516-A401-41A4E18224C3}
		{FBDD3EC1-125E-485A-B5A4-28BF657DF4CE} = {76BD7FEE-7156-4CF3-ACEC-E66CFDEBA5DC}
		{82C2574A-65AE-4516-A401-41A4E18224C3} = {76BD7FEE-7156-4CF3-ACEC-E66CFDEBA5DC}
		{E9827D92-C99D-47A2-B267-EF65B19820BB} = {24E5471D-F052-45E0-98EF-E22EAB1A9D43}
		{2704F4F7-9D57-4046-B898-21365D85A533} = {24E5471D-F052-45E0-98EF-E22EAB1A9D43}
		{6B7601FE-8640-48E0-8CE7-E20C1F0519E1} = {E9827D92-C99D-47A2-B267-EF65B19820BB}
		{AA326F57-0CE5-454B-8B39-B413509CD45F} = {E9827D92-C99D-47A2-B267-EF65B19820BB}
		{A33D2599-AF73-425F-86D4-6660EB90EDB6} = {E9827D92-C99D-47A2-B267-EF65B19820BB}
		{EA6BCD08-7D24-43F5-B21F-89A690E44C3F} = {E9827D92-C99D-47A2-B267-EF65B19820BB}
		{95BCB544-B159-43BE-AE60-39EE53C0D8DB} = {E9827D92-C99D-47A2-B267-EF65B19820BB}
		{5C7801B6-414B-40F0-9DBC-2049C2075F89} = {1B0E8C37-13F2-4420-8BFB-C300FD8D512D}
		{7830F713-3DBE-4D7D-9596-82163B7AAEED} = {B63C668C-CC66-4AF9-8E2E-7E8EF402C21F}
		{F28FF43A-D748-4238-87B4-637D9482FDD6} = {B63C668C-CC66-4AF9-8E2E-7E8EF402C21F}
		{1C329DDB-7441-4E2C-9580-FF365DF493CA} = {41725C0D-709B-4B1A-BFFF-A1E08B313155}
		{157C6549-44AE-4FE8-90F6-95723B065DB9} = {41725C0D-709B-4B1A-BFFF-A1E08B313155}
		{81990E0F-EAD2-4433-8A6F-3F391BF7B89F} = {41725C0D-709B-4B1A-BFFF-A1E08B313155}
		{3FD96674-0730-4E62-9C04-8EDA7F76C3C5} = {1039DEC6-0EC1-4760-B941-1EA337757268}
		{06DD8885-2D2D-42A6-BD40-AB3F5E63D779} = {D2FD2B5A-2024-41EC-840B-8435E79FAFD4}
	EndGlobalSection
	GlobalSection(ExtensibilityGlobals) = postSolution
		SolutionGuid = {E9434EC9-4DA4-45A4-8FF3-2D8AD92B73EA}
	EndGlobalSection
EndGlobal
